PODS:
  - Capacitor (5.1.1):
    - CapacitorCordova
  - CapacitorApp (5.0.5):
    - Capacitor
  - CapacitorCordova (5.1.1)
  - CapacitorHaptics (5.0.5):
    - Capacitor
  - CapacitorKeyboard (5.0.5):
    - Capacitor
  - CapacitorSplashScreen (5.0.5):
    - Capacitor
  - CapacitorStatusBar (5.0.5):
    - Capacitor
  - CapawesomeCapacitorAppUpdate (5.0.1):
    - Capacitor

DEPENDENCIES:
  - "Capacitor (from `../../node_modules/@capacitor/ios`)"
  - "CapacitorApp (from `../../node_modules/@capacitor/app`)"
  - "CapacitorCordova (from `../../node_modules/@capacitor/ios`)"
  - "CapacitorHaptics (from `../../node_modules/@capacitor/haptics`)"
  - "CapacitorKeyboard (from `../../node_modules/@capacitor/keyboard`)"
  - "CapacitorSplashScreen (from `../../node_modules/@capacitor/splash-screen`)"
  - "CapacitorStatusBar (from `../../node_modules/@capacitor/status-bar`)"
  - "CapawesomeCapacitorAppUpdate (from `../../node_modules/@capawesome/capacitor-app-update`)"

EXTERNAL SOURCES:
  Capacitor:
    :path: "../../node_modules/@capacitor/ios"
  CapacitorApp:
    :path: "../../node_modules/@capacitor/app"
  CapacitorCordova:
    :path: "../../node_modules/@capacitor/ios"
  CapacitorHaptics:
    :path: "../../node_modules/@capacitor/haptics"
  CapacitorKeyboard:
    :path: "../../node_modules/@capacitor/keyboard"
  CapacitorSplashScreen:
    :path: "../../node_modules/@capacitor/splash-screen"
  CapacitorStatusBar:
    :path: "../../node_modules/@capacitor/status-bar"
  CapawesomeCapacitorAppUpdate:
    :path: "../../node_modules/@capawesome/capacitor-app-update"

SPEC CHECKSUMS:
  Capacitor: 55956e1199b63efcd7f2dedffa5c6b9129c45aae
  CapacitorApp: 9d91a5a400e4ad8cafe66a02cc9d8073c864d7bb
  CapacitorCordova: b31a46ad379c93a5c04e0598a6164e8cb90c2bb2
  CapacitorHaptics: 4b1a7e1bac1794d1515842d304f9fce46ef5084c
  CapacitorKeyboard: ba4d618d80bf8caef4b9d8a971d714b9ca795e28
  CapacitorSplashScreen: e563abf6d590bfe0269515ccc9d8bc03c41f32e9
  CapacitorStatusBar: 540867ac3c63875b65bebd888f695de50a13a9a2
  CapawesomeCapacitorAppUpdate: abbfaa26fe3817dce42bd722731acc23e7a3274c

PODFILE CHECKSUM: 2603317edabf28c914d95b40c233edb9780e0fb3

COCOAPODS: 1.12.1
